
Microsoft Visual Studio Solution File, Format Version 12.00
# Visual Studio Version 16
VisualStudioVersion = 16.0.30225.117
MinimumVisualStudioVersion = 10.0.40219.1
Project("{9A19103F-16F7-4668-BE54-9A1E7A4F7556}") = "SwaggerDoc", "SwaggerDoc\SwaggerDoc.csproj", "{EBC83B99-D8F4-4903-B8EA-F8C55FD9C637}"
EndProject
Global
	GlobalSection(SolutionConfigurationPlatforms) = preSolution
		Debug|Any CPU = Debug|Any CPU
		Release|Any CPU = Release|Any CPU
	EndGlobalSection
	GlobalSection(ProjectConfigurationPlatforms) = postSolution
		{EBC83B99-D8F4-4903-B8EA-F8C55FD9C637}.Debug|Any CPU.ActiveCfg = Debug|Any CPU
		{EBC83B99-D8F4-4903-B8EA-F8C55FD9C637}.Debug|Any CPU.Build.0 = Debug|Any CPU
		{EBC83B99-D8F4-4903-B8EA-F8C55FD9C637}.Release|Any CPU.ActiveCfg = Release|Any CPU
		{EBC83B99-D8F4-4903-B8EA-F8C55FD9C637}.Release|Any CPU.Build.0 = Release|Any CPU
	EndGlobalSection
	GlobalSection(SolutionProperties) = preSolution
		HideSolutionNode = FALSE
	EndGlobalSection
	GlobalSection(ExtensibilityGlobals) = postSolution
		SolutionGuid = {B1303D7D-C84D-4D5E-BDFC-F5ECED38B71F}
	EndGlobalSection
EndGlobal
