
Microsoft Visual Studio Solution File, Format Version 12.00
# Visual Studio Version 16
VisualStudioVersion = 16.0.30225.117
MinimumVisualStudioVersion = 10.0.40219.1
Project("{FAE04EC0-301F-11D3-BF4B-00C04F79EFBC}") = "SwaggerDoc", "SwaggerDoc\SwaggerDoc.csproj", "{C7D28EA5-16C0-46C4-A30A-0D1C76A46D3B}"
EndProject
Project("{FAE04EC0-301F-11D3-BF4B-00C04F79EFBC}") = "Sample", "Sample\Sample.csproj", "{CCC416D0-05B5-4D40-B4EC-2CAD9A70A9C6}"
EndProject
Global
	GlobalSection(SolutionConfigurationPlatforms) = preSolution
		Debug|Any CPU = Debug|Any CPU
		Release|Any CPU = Release|Any CPU
	EndGlobalSection
	GlobalSection(ProjectConfigurationPlatforms) = postSolution
		{C7D28EA5-16C0-46C4-A30A-0D1C76A46D3B}.Debug|Any CPU.ActiveCfg = Debug|Any CPU
		{C7D28EA5-16C0-46C4-A30A-0D1C76A46D3B}.Debug|Any CPU.Build.0 = Debug|Any CPU
		{C7D28EA5-16C0-46C4-A30A-0D1C76A46D3B}.Release|Any CPU.ActiveCfg = Release|Any CPU
		{C7D28EA5-16C0-46C4-A30A-0D1C76A46D3B}.Release|Any CPU.Build.0 = Release|Any CPU
		{CCC416D0-05B5-4D40-B4EC-2CAD9A70A9C6}.Debug|Any CPU.ActiveCfg = Debug|Any CPU
		{CCC416D0-05B5-4D40-B4EC-2CAD9A70A9C6}.Debug|Any CPU.Build.0 = Debug|Any CPU
		{CCC416D0-05B5-4D40-B4EC-2CAD9A70A9C6}.Release|Any CPU.ActiveCfg = Release|Any CPU
		{CCC416D0-05B5-4D40-B4EC-2CAD9A70A9C6}.Release|Any CPU.Build.0 = Release|Any CPU
	EndGlobalSection
	GlobalSection(SolutionProperties) = preSolution
		HideSolutionNode = FALSE
	EndGlobalSection
	GlobalSection(ExtensibilityGlobals) = postSolution
		SolutionGuid = {B1303D7D-C84D-4D5E-BDFC-F5ECED38B71F}
	EndGlobalSection
EndGlobal
